
Microsoft Visual Studio Solution File, Format Version 12.00
# Visual Studio Version 16
VisualStudioVersion = 16.0.28902.138
MinimumVisualStudioVersion = 10.0.40219.1
Project("{FAE04EC0-301F-11D3-BF4B-00C04F79EFBC}") = "ConsoleApp1", "ConsoleApp1.csproj", "{5D87F045-D718-4152-8625-B18437DE1BB1}"
EndProject
Global
	GlobalSection(SolutionConfigurationPlatforms) = preSolution
		Debug|Any CPU = Debug|Any CPU
		Release|Any CPU = Release|Any CPU
	EndGlobalSection
	GlobalSection(ProjectConfigurationPlatforms) = postSolution
		{5D87F045-D718-4152-8625-B18437DE1BB1}.Debug|Any CPU.ActiveCfg = Debug|Any CPU
		{5D87F045-D718-4152-8625-B18437DE1BB1}.Debug|Any CPU.Build.0 = Debug|Any CPU
		{5D87F045-D718-4152-8625-B18437DE1BB1}.Release|Any CPU.ActiveCfg = Release|Any CPU
		{5D87F045-D718-4152-8625-B18437DE1BB1}.Release|Any CPU.Build.0 = Release|Any CPU
	EndGlobalSection
	GlobalSection(SolutionProperties) = preSolution
		HideSolutionNode = FALSE
	EndGlobalSection
	GlobalSection(ExtensibilityGlobals) = postSolution
		SolutionGuid = {E1E62EA0-435E-4E0A-9550-6D2AE5BA3A80}
	EndGlobalSection
EndGlobal
